// !$*UTF8*$!
{
	archiveVersion = 1;
	classes = {
	};
	objectVersion = 56;
	objects = {

/* Begin PBXBuildFile section */
		8E5158A72ABB7074007BA331 /* Post.swift in Sources */ = {isa = PBXBuildFile; fileRef = 8E5158A62ABB7074007BA331 /* Post.swift */; };
		8E80E07D2ABAC9F8003EC81E /* AppDelegate.swift in Sources */ = {isa = PBXBuildFile; fileRef = 8E80E07C2ABAC9F8003EC81E /* AppDelegate.swift */; };
		8E80E07F2ABAC9F8003EC81E /* SceneDelegate.swift in Sources */ = {isa = PBXBuildFile; fileRef = 8E80E07E2ABAC9F8003EC81E /* SceneDelegate.swift */; };
		8E80E0862ABAC9F9003EC81E /* Assets.xcassets in Resources */ = {isa = PBXBuildFile; fileRef = 8E80E0852ABAC9F9003EC81E /* Assets.xcassets */; };
		8E80E0892ABAC9F9003EC81E /* LaunchScreen.storyboard in Resources */ = {isa = PBXBuildFile; fileRef = 8E80E0872ABAC9F9003EC81E /* LaunchScreen.storyboard */; };
		8E80E0922ABACAA2003EC81E /* TabBarController.swift in Sources */ = {isa = PBXBuildFile; fileRef = 8E80E0912ABACAA2003EC81E /* TabBarController.swift */; };
		8E80E0962ABACACD003EC81E /* FeedViewController.swift in Sources */ = {isa = PBXBuildFile; fileRef = 8E80E0952ABACACD003EC81E /* FeedViewController.swift */; };
		8E80E0982ABACC11003EC81E /* ProfileViewController.swift in Sources */ = {isa = PBXBuildFile; fileRef = 8E80E0972ABACC11003EC81E /* ProfileViewController.swift */; };
		8E80E09A2ABACC4B003EC81E /* PostViewController.swift in Sources */ = {isa = PBXBuildFile; fileRef = 8E80E0992ABACC4B003EC81E /* PostViewController.swift */; };
/* End PBXBuildFile section */

/* Begin PBXFileReference section */
		8E5158A62ABB7074007BA331 /* Post.swift */ = {isa = PBXFileReference; lastKnownFileType = sourcecode.swift; path = Post.swift; sourceTree = "<group>"; };
		8E80E0792ABAC9F8003EC81E /* VkCloneApp.app */ = {isa = PBXFileReference; explicitFileType = wrapper.application; includeInIndex = 0; path = VkCloneApp.app; sourceTree = BUILT_PRODUCTS_DIR; };
		8E80E07C2ABAC9F8003EC81E /* AppDelegate.swift */ = {isa = PBXFileReference; lastKnownFileType = sourcecode.swift; path = AppDelegate.swift; sourceTree = "<group>"; };
		8E80E07E2ABAC9F8003EC81E /* SceneDelegate.swift */ = {isa = PBXFileReference; lastKnownFileType = sourcecode.swift; path = SceneDelegate.swift; sourceTree = "<group>"; };
		8E80E0852ABAC9F9003EC81E /* Assets.xcassets */ = {isa = PBXFileReference; lastKnownFileType = folder.assetcatalog; path = Assets.xcassets; sourceTree = "<group>"; };
		8E80E0882ABAC9F9003EC81E /* Base */ = {isa = PBXFileReference; lastKnownFileType = file.storyboard; name = Base; path = Base.lproj/LaunchScreen.storyboard; sourceTree = "<group>"; };
		8E80E08A2ABAC9F9003EC81E /* Info.plist */ = {isa = PBXFileReference; lastKnownFileType = text.plist.xml; path = Info.plist; sourceTree = "<group>"; };
		8E80E0912ABACAA2003EC81E /* TabBarController.swift */ = {isa = PBXFileReference; lastKnownFileType = sourcecode.swift; path = TabBarController.swift; sourceTree = "<group>"; };
		8E80E0952ABACACD003EC81E /* FeedViewController.swift */ = {isa = PBXFileReference; lastKnownFileType = sourcecode.swift; path = FeedViewController.swift; sourceTree = "<group>"; };
		8E80E0972ABACC11003EC81E /* ProfileViewController.swift */ = {isa = PBXFileReference; lastKnownFileType = sourcecode.swift; path = ProfileViewController.swift; sourceTree = "<group>"; };
		8E80E0992ABACC4B003EC81E /* PostViewController.swift */ = {isa = PBXFileReference; lastKnownFileType = sourcecode.swift; path = PostViewController.swift; sourceTree = "<group>"; };
/* End PBXFileReference section */

/* Begin PBXFrameworksBuildPhase section */
		8E80E0762ABAC9F8003EC81E /* Frameworks */ = {
			isa = PBXFrameworksBuildPhase;
			buildActionMask = 2147483647;
			files = (
			);
			runOnlyForDeploymentPostprocessing = 0;
		};
/* End PBXFrameworksBuildPhase section */

/* Begin PBXGroup section */
		8E5158A42ABB64A3007BA331 /* Controllers */ = {
			isa = PBXGroup;
			children = (
				8E80E0952ABACACD003EC81E /* FeedViewController.swift */,
				8E80E0992ABACC4B003EC81E /* PostViewController.swift */,
				8E80E0972ABACC11003EC81E /* ProfileViewController.swift */,
			);
			path = Controllers;
			sourceTree = "<group>";
		};
		8E5158A52ABB7068007BA331 /* Data */ = {
			isa = PBXGroup;
			children = (
				8E5158A62ABB7074007BA331 /* Post.swift */,
			);
			path = Data;
			sourceTree = "<group>";
		};
		8E80E0702ABAC9F8003EC81E = {
			isa = PBXGroup;
			children = (
				8E80E07B2ABAC9F8003EC81E /* VkCloneApp */,
				8E80E07A2ABAC9F8003EC81E /* Products */,
			);
			sourceTree = "<group>";
		};
		8E80E07A2ABAC9F8003EC81E /* Products */ = {
			isa = PBXGroup;
			children = (
				8E80E0792ABAC9F8003EC81E /* VkCloneApp.app */,
			);
			name = Products;
			sourceTree = "<group>";
		};
		8E80E07B2ABAC9F8003EC81E /* VkCloneApp */ = {
			isa = PBXGroup;
			children = (
				8E5158A52ABB7068007BA331 /* Data */,
				8E5158A42ABB64A3007BA331 /* Controllers */,
				8E80E0902ABACA78003EC81E /* TabBarController */,
				8E80E07C2ABAC9F8003EC81E /* AppDelegate.swift */,
				8E80E07E2ABAC9F8003EC81E /* SceneDelegate.swift */,
				8E80E0852ABAC9F9003EC81E /* Assets.xcassets */,
				8E80E0872ABAC9F9003EC81E /* LaunchScreen.storyboard */,
				8E80E08A2ABAC9F9003EC81E /* Info.plist */,
			);
			path = VkCloneApp;
			sourceTree = "<group>";
		};
		8E80E0902ABACA78003EC81E /* TabBarController */ = {
			isa = PBXGroup;
			children = (
				8E80E0912ABACAA2003EC81E /* TabBarController.swift */,
			);
			path = TabBarController;
			sourceTree = "<group>";
		};
/* End PBXGroup section */

/* Begin PBXNativeTarget section */
		8E80E0782ABAC9F8003EC81E /* VkCloneApp */ = {
			isa = PBXNativeTarget;
			buildConfigurationList = 8E80E08D2ABAC9F9003EC81E /* Build configuration list for PBXNativeTarget "VkCloneApp" */;
			buildPhases = (
				8E80E0752ABAC9F8003EC81E /* Sources */,
				8E80E0762ABAC9F8003EC81E /* Frameworks */,
				8E80E0772ABAC9F8003EC81E /* Resources */,
			);
			buildRules = (
			);
			dependencies = (
			);
			name = VkCloneApp;
			productName = VkCloneApp;
			productReference = 8E80E0792ABAC9F8003EC81E /* VkCloneApp.app */;
			productType = "com.apple.product-type.application";
		};
/* End PBXNativeTarget section */

/* Begin PBXProject section */
		8E80E0712ABAC9F8003EC81E /* Project object */ = {
			isa = PBXProject;
			attributes = {
				BuildIndependentTargetsInParallel = 1;
				LastSwiftUpdateCheck = 1500;
				LastUpgradeCheck = 1500;
				TargetAttributes = {
					8E80E0782ABAC9F8003EC81E = {
						CreatedOnToolsVersion = 15.0;
					};
				};
			};
			buildConfigurationList = 8E80E0742ABAC9F8003EC81E /* Build configuration list for PBXProject "VkCloneApp" */;
			compatibilityVersion = "Xcode 14.0";
			developmentRegion = en;
			hasScannedForEncodings = 0;
			knownRegions = (
				en,
				Base,
			);
			mainGroup = 8E80E0702ABAC9F8003EC81E;
			productRefGroup = 8E80E07A2ABAC9F8003EC81E /* Products */;
			projectDirPath = "";
			projectRoot = "";
			targets = (
				8E80E0782ABAC9F8003EC81E /* VkCloneApp */,
			);
		};
/* End PBXProject section */

/* Begin PBXResourcesBuildPhase section */
		8E80E0772ABAC9F8003EC81E /* Resources */ = {
			isa = PBXResourcesBuildPhase;
			buildActionMask = 2147483647;
			files = (
				8E80E0892ABAC9F9003EC81E /* LaunchScreen.storyboard in Resources */,
				8E80E0862ABAC9F9003EC81E /* Assets.xcassets in Resources */,
			);
			runOnlyForDeploymentPostprocessing = 0;
		};
/* End PBXResourcesBuildPhase section */

/* Begin PBXSourcesBuildPhase section */
		8E80E0752ABAC9F8003EC81E /* Sources */ = {
			isa = PBXSourcesBuildPhase;
			buildActionMask = 2147483647;
			files = (
				8E80E0982ABACC11003EC81E /* ProfileViewController.swift in Sources */,
				8E80E09A2ABACC4B003EC81E /* PostViewController.swift in Sources */,
				8E80E0922ABACAA2003EC81E /* TabBarController.swift in Sources */,
				8E80E07D2ABAC9F8003EC81E /* AppDelegate.swift in Sources */,
				8E80E0962ABACACD003EC81E /* FeedViewController.swift in Sources */,
				8E5158A72ABB7074007BA331 /* Post.swift in Sources */,
				8E80E07F2ABAC9F8003EC81E /* SceneDelegate.swift in Sources */,
			);
			runOnlyForDeploymentPostprocessing = 0;
		};
/* End PBXSourcesBuildPhase section */

/* Begin PBXVariantGroup section */
		8E80E0872ABAC9F9003EC81E /* LaunchScreen.storyboard */ = {
			isa = PBXVariantGroup;
			children = (
				8E80E0882ABAC9F9003EC81E /* Base */,
			);
			name = LaunchScreen.storyboard;
			sourceTree = "<group>";
		};
/* End PBXVariantGroup section */

/* Begin XCBuildConfiguration section */
		8E80E08B2ABAC9F9003EC81E /* Debug */ = {
			isa = XCBuildConfiguration;
			buildSettings = {
				ALWAYS_SEARCH_USER_PATHS = NO;
				ASSETCATALOG_COMPILER_GENERATE_SWIFT_ASSET_SYMBOL_EXTENSIONS = YES;
				CLANG_ANALYZER_NONNULL = YES;
				CLANG_ANALYZER_NUMBER_OBJECT_CONVERSION = YES_AGGRESSIVE;
				CLANG_CXX_LANGUAGE_STANDARD = "gnu++20";
				CLANG_ENABLE_MODULES = YES;
				CLANG_ENABLE_OBJC_ARC = YES;
				CLANG_ENABLE_OBJC_WEAK = YES;
				CLANG_WARN_BLOCK_CAPTURE_AUTORELEASING = YES;
				CLANG_WARN_BOOL_CONVERSION = YES;
				CLANG_WARN_COMMA = YES;
				CLANG_WARN_CONSTANT_CONVERSION = YES;
				CLANG_WARN_DEPRECATED_OBJC_IMPLEMENTATIONS = YES;
				CLANG_WARN_DIRECT_OBJC_ISA_USAGE = YES_ERROR;
				CLANG_WARN_DOCUMENTATION_COMMENTS = YES;
				CLANG_WARN_EMPTY_BODY = YES;
				CLANG_WARN_ENUM_CONVERSION = YES;
				CLANG_WARN_INFINITE_RECURSION = YES;
				CLANG_WARN_INT_CONVERSION = YES;
				CLANG_WARN_NON_LITERAL_NULL_CONVERSION = YES;
				CLANG_WARN_OBJC_IMPLICIT_RETAIN_SELF = YES;
				CLANG_WARN_OBJC_LITERAL_CONVERSION = YES;
				CLANG_WARN_OBJC_ROOT_CLASS = YES_ERROR;
				CLANG_WARN_QUOTED_INCLUDE_IN_FRAMEWORK_HEADER = YES;
				CLANG_WARN_RANGE_LOOP_ANALYSIS = YES;
				CLANG_WARN_STRICT_PROTOTYPES = YES;
				CLANG_WARN_SUSPICIOUS_MOVE = YES;
				CLANG_WARN_UNGUARDED_AVAILABILITY = YES_AGGRESSIVE;
				CLANG_WARN_UNREACHABLE_CODE = YES;
				CLANG_WARN__DUPLICATE_METHOD_MATCH = YES;
				COPY_PHASE_STRIP = NO;
				DEBUG_INFORMATION_FORMAT = dwarf;
				ENABLE_STRICT_OBJC_MSGSEND = YES;
				ENABLE_TESTABILITY = YES;
				ENABLE_USER_SCRIPT_SANDBOXING = YES;
				GCC_C_LANGUAGE_STANDARD = gnu17;
				GCC_DYNAMIC_NO_PIC = NO;
				GCC_NO_COMMON_BLOCKS = YES;
				GCC_OPTIMIZATION_LEVEL = 0;
				GCC_PREPROCESSOR_DEFINITIONS = (
					"DEBUG=1",
					"$(inherited)",
				);
				GCC_WARN_64_TO_32_BIT_CONVERSION = YES;
				GCC_WARN_ABOUT_RETURN_TYPE = YES_ERROR;
				GCC_WARN_UNDECLARED_SELECTOR = YES;
				GCC_WARN_UNINITIALIZED_AUTOS = YES_AGGRESSIVE;
				GCC_WARN_UNUSED_FUNCTION = YES;
				GCC_WARN_UNUSED_VARIABLE = YES;
				IPHONEOS_DEPLOYMENT_TARGET = 17.0;
				LOCALIZATION_PREFERS_STRING_CATALOGS = YES;
				MTL_ENABLE_DEBUG_INFO = INCLUDE_SOURCE;
				MTL_FAST_MATH = YES;
				ONLY_ACTIVE_ARCH = YES;
				SDKROOT = iphoneos;
				SWIFT_ACTIVE_COMPILATION_CONDITIONS = "DEBUG $(inherited)";
				SWIFT_OPTIMIZATION_LEVEL = "-Onone";
			};
			name = Debug;
		};
		8E80E08C2ABAC9F9003EC81E /* Release */ = {
			isa = XCBuildConfiguration;
			buildSettings = {
				ALWAYS_SEARCH_USER_PATHS = NO;
				ASSETCATALOG_COMPILER_GENERATE_SWIFT_ASSET_SYMBOL_EXTENSIONS = YES;
				CLANG_ANALYZER_NONNULL = YES;
				CLANG_ANALYZER_NUMBER_OBJECT_CONVERSION = YES_AGGRESSIVE;
				CLANG_CXX_LANGUAGE_STANDARD = "gnu++20";
				CLANG_ENABLE_MODULES = YES;
				CLANG_ENABLE_OBJC_ARC = YES;
				CLANG_ENABLE_OBJC_WEAK = YES;
				CLANG_WARN_BLOCK_CAPTURE_AUTORELEASING = YES;
				CLANG_WARN_BOOL_CONVERSION = YES;
				CLANG_WARN_COMMA = YES;
				CLANG_WARN_CONSTANT_CONVERSION = YES;
				CLANG_WARN_DEPRECATED_OBJC_IMPLEMENTATIONS = YES;
				CLANG_WARN_DIRECT_OBJC_ISA_USAGE = YES_ERROR;
				CLANG_WARN_DOCUMENTATION_COMMENTS = YES;
				CLANG_WARN_EMPTY_BODY = YES;
				CLANG_WARN_ENUM_CONVERSION = YES;
				CLANG_WARN_INFINITE_RECURSION = YES;
				CLANG_WARN_INT_CONVERSION = YES;
				CLANG_WARN_NON_LITERAL_NULL_CONVERSION = YES;
				CLANG_WARN_OBJC_IMPLICIT_RETAIN_SELF = YES;
				CLANG_WARN_OBJC_LITERAL_CONVERSION = YES;
				CLANG_WARN_OBJC_ROOT_CLASS = YES_ERROR;
				CLANG_WARN_QUOTED_INCLUDE_IN_FRAMEWORK_HEADER = YES;
				CLANG_WARN_RANGE_LOOP_ANALYSIS = YES;
				CLANG_WARN_STRICT_PROTOTYPES = YES;
				CLANG_WARN_SUSPICIOUS_MOVE = YES;
				CLANG_WARN_UNGUARDED_AVAILABILITY = YES_AGGRESSIVE;
				CLANG_WARN_UNREACHABLE_CODE = YES;
				CLANG_WARN__DUPLICATE_METHOD_MATCH = YES;
				COPY_PHASE_STRIP = NO;
				DEBUG_INFORMATION_FORMAT = "dwarf-with-dsym";
				ENABLE_NS_ASSERTIONS = NO;
				ENABLE_STRICT_OBJC_MSGSEND = YES;
				ENABLE_USER_SCRIPT_SANDBOXING = YES;
				GCC_C_LANGUAGE_STANDARD = gnu17;
				GCC_NO_COMMON_BLOCKS = YES;
				GCC_WARN_64_TO_32_BIT_CONVERSION = YES;
				GCC_WARN_ABOUT_RETURN_TYPE = YES_ERROR;
				GCC_WARN_UNDECLARED_SELECTOR = YES;
				GCC_WARN_UNINITIALIZED_AUTOS = YES_AGGRESSIVE;
				GCC_WARN_UNUSED_FUNCTION = YES;
				GCC_WARN_UNUSED_VARIABLE = YES;
				IPHONEOS_DEPLOYMENT_TARGET = 17.0;
				LOCALIZATION_PREFERS_STRING_CATALOGS = YES;
				MTL_ENABLE_DEBUG_INFO = NO;
				MTL_FAST_MATH = YES;
				SDKROOT = iphoneos;
				SWIFT_COMPILATION_MODE = wholemodule;
				VALIDATE_PRODUCT = YES;
			};
			name = Release;
		};
		8E80E08E2ABAC9F9003EC81E /* Debug */ = {
			isa = XCBuildConfiguration;
			buildSettings = {
				ASSETCATALOG_COMPILER_APPICON_NAME = AppIcon;
				ASSETCATALOG_COMPILER_GLOBAL_ACCENT_COLOR_NAME = AccentColor;
				CODE_SIGN_STYLE = Automatic;
				CURRENT_PROJECT_VERSION = 1;
				DEVELOPMENT_TEAM = 3URT7DUTZ6;
				GENERATE_INFOPLIST_FILE = YES;
				INFOPLIST_FILE = VkCloneApp/Info.plist;
				INFOPLIST_KEY_UIApplicationSupportsIndirectInputEvents = YES;
				INFOPLIST_KEY_UILaunchStoryboardName = LaunchScreen;
				INFOPLIST_KEY_UISupportedInterfaceOrientations_iPad = "UIInterfaceOrientationPortrait UIInterfaceOrientationPortraitUpsideDown UIInterfaceOrientationLandscapeLeft UIInterfaceOrientationLandscapeRight";
				INFOPLIST_KEY_UISupportedInterfaceOrientations_iPhone = "UIInterfaceOrientationPortrait UIInterfaceOrientationLandscapeLeft UIInterfaceOrientationLandscapeRight";
				IPHONEOS_DEPLOYMENT_TARGET = 13.0;
				LD_RUNPATH_SEARCH_PATHS = (
					"$(inherited)",
					"@executable_path/Frameworks",
				);
				MARKETING_VERSION = 1.0;
				PRODUCT_BUNDLE_IDENTIFIER = ru.arthurmv2.VkCloneApp;
				PRODUCT_NAME = "$(TARGET_NAME)";
				SWIFT_EMIT_LOC_STRINGS = YES;
				SWIFT_VERSION = 5.0;
				TARGETED_DEVICE_FAMILY = "1,2";
			};
			name = Debug;
		};
		8E80E08F2ABAC9F9003EC81E /* Release */ = {
			isa = XCBuildConfiguration;
			buildSettings = {
				ASSETCATALOG_COMPILER_APPICON_NAME = AppIcon;
				ASSETCATALOG_COMPILER_GLOBAL_ACCENT_COLOR_NAME = AccentColor;
				CODE_SIGN_STYLE = Automatic;
				CURRENT_PROJECT_VERSION = 1;
				DEVELOPMENT_TEAM = 3URT7DUTZ6;
				GENERATE_INFOPLIST_FILE = YES;
				INFOPLIST_FILE = VkCloneApp/Info.plist;
				INFOPLIST_KEY_UIApplicationSupportsIndirectInputEvents = YES;
				INFOPLIST_KEY_UILaunchStoryboardName = LaunchScreen;
				INFOPLIST_KEY_UISupportedInterfaceOrientations_iPad = "UIInterfaceOrientationPortrait UIInterfaceOrientationPortraitUpsideDown UIInterfaceOrientationLandscapeLeft UIInterfaceOrientationLandscapeRight";
				INFOPLIST_KEY_UISupportedInterfaceOrientations_iPhone = "UIInterfaceOrientationPortrait UIInterfaceOrientationLandscapeLeft UIInterfaceOrientationLandscapeRight";
				IPHONEOS_DEPLOYMENT_TARGET = 13.0;
				LD_RUNPATH_SEARCH_PATHS = (
					"$(inherited)",
					"@executable_path/Frameworks",
				);
				MARKETING_VERSION = 1.0;
				PRODUCT_BUNDLE_IDENTIFIER = ru.arthurmv2.VkCloneApp;
				PRODUCT_NAME = "$(TARGET_NAME)";
				SWIFT_EMIT_LOC_STRINGS = YES;
				SWIFT_VERSION = 5.0;
				TARGETED_DEVICE_FAMILY = "1,2";
			};
			name = Release;
		};
/* End XCBuildConfiguration section */

/* Begin XCConfigurationList section */
		8E80E0742ABAC9F8003EC81E /* Build configuration list for PBXProject "VkCloneApp" */ = {
			isa = XCConfigurationList;
			buildConfigurations = (
				8E80E08B2ABAC9F9003EC81E /* Debug */,
				8E80E08C2ABAC9F9003EC81E /* Release */,
			);
			defaultConfigurationIsVisible = 0;
			defaultConfigurationName = Release;
		};
		8E80E08D2ABAC9F9003EC81E /* Build configuration list for PBXNativeTarget "VkCloneApp" */ = {
			isa = XCConfigurationList;
			buildConfigurations = (
				8E80E08E2ABAC9F9003EC81E /* Debug */,
				8E80E08F2ABAC9F9003EC81E /* Release */,
			);
			defaultConfigurationIsVisible = 0;
			defaultConfigurationName = Release;
		};
/* End XCConfigurationList section */
	};
	rootObject = 8E80E0712ABAC9F8003EC81E /* Project object */;
}
